hash: 59a51ffe508e26795e66d39a73f880ba06add776a097b063a3a8e794959371ce
updated: 2018-01-23T21:08:30.423294792+01:00
imports:
- name: github.com/davecgh/go-spew
  version: ecdeabc65495df2dec95d7c4a4c3e021903035e5
  subpackages:
  - spew
- name: github.com/eapache/go-resiliency
  version: ef9aaa7ea8bd2448429af1a77cf41b2b3b34bdd6
  subpackages:
  - breaker
- name: github.com/eapache/go-xerial-snappy
  version: bb955e01b9346ac19dc29eb16586c90ded99a98c
- name: github.com/eapache/queue
  version: 44cc805cf13205b55f69e14bcb69867d1ae92f98
- name: github.com/golang/snappy
  version: 553a641470496b2327abcac10b36396bd98e45c9
- name: github.com/gorilla/websocket
  version: 292fd08b2560ad524ee37396253d71570339a821
- name: github.com/okoeth/edge-anki-base
  version: b3612cc9867420723727a9b7b6497b768d0f660a
- name: github.com/okoeth/muxlogger
  version: 92af94f8c27c62a45001c73b8a9bcc54f6db59ea
- name: github.com/pierrec/lz4
  version: ed8d4cc3b461464e69798080a0092bd028910298
- name: github.com/pierrec/xxHash
  version: a0006b13c722f7f12368c00a3d3c2ae8a999a0c6
  subpackages:
  - xxHash32
- name: github.com/rcrowley/go-metrics
  version: e181e095bae94582363434144c61a9653aff6e50
- name: github.com/rs/cors
  version: 7af7a1e09ba336d2ea14b1ce73bf693c6837dbf6
- name: github.com/samuel/go-zookeeper
  version: 471cd4e61d7a78ece1791fa5faa0345dc8c7d5a5
  subpackages:
  - zk
- name: github.com/Shopify/sarama
  version: 3b1b38866a79f06deddf0487d5c27ba0697ccd65
- name: github.com/wvanbergen/kafka
  version: e2edea948ddfee841ea9a263b32ccca15f7d6c2f
  subpackages:
  - consumergroup
- name: github.com/wvanbergen/kazoo-go
  version: 494a179ad10a1a52daa7536a82cc215bc728c399
- name: goji.io
  version: 0d89ff54b2c18c9c4ba530e32496aef902d3c6cd
  subpackages:
  - internal
  - pat
  - pattern
testImports: []
